// !$*UTF8*$!
{
	archiveVersion = 1;
	classes = {
	};
	objectVersion = 56;
	objects = {

/* Begin PBXBuildFile section */
		AA56B3112CA1C85000B68816 /* Home_AddAssetView.swift in Sources */ = {isa = PBXBuildFile; fileRef = AA56B3102CA1C85000B68816 /* Home_AddAssetView.swift */; };
		AA56B3132CA1C86400B68816 /* CoinSelectionView.swift in Sources */ = {isa = PBXBuildFile; fileRef = AA56B3122CA1C86400B68816 /* CoinSelectionView.swift */; };
		AA56B3152CA1C87700B68816 /* SaveButtonView.swift in Sources */ = {isa = PBXBuildFile; fileRef = AA56B3142CA1C87700B68816 /* SaveButtonView.swift */; };
		AA56B3172CA1C88C00B68816 /* CoinDetailFieldsView.swift in Sources */ = {isa = PBXBuildFile; fileRef = AA56B3162CA1C88C00B68816 /* CoinDetailFieldsView.swift */; };
		AA56B31A2CA1C8D200B68816 /* NewExpenseViewModel.swift in Sources */ = {isa = PBXBuildFile; fileRef = AA56B3192CA1C8D200B68816 /* NewExpenseViewModel.swift */; };
		AA56B31C2CA1C8F000B68816 /* ExpenseCalculator.swift in Sources */ = {isa = PBXBuildFile; fileRef = AA56B31B2CA1C8F000B68816 /* ExpenseCalculator.swift */; };
		AA56B31F2CA1C93300B68816 /* ExpenseListView.swift in Sources */ = {isa = PBXBuildFile; fileRef = AA56B31E2CA1C93300B68816 /* ExpenseListView.swift */; };
		AA56B3212CA1C94500B68816 /* ChartView.swift in Sources */ = {isa = PBXBuildFile; fileRef = AA56B3202CA1C94500B68816 /* ChartView.swift */; };
		AAD0A1032C94666800910ABF /* MyCoinPoketApp.swift in Sources */ = {isa = PBXBuildFile; fileRef = AAD0A1022C94666800910ABF /* MyCoinPoketApp.swift */; };
		AAD0A1052C94666800910ABF /* ContentView.swift in Sources */ = {isa = PBXBuildFile; fileRef = AAD0A1042C94666800910ABF /* ContentView.swift */; };
		AAD0A1072C94666A00910ABF /* Assets.xcassets in Resources */ = {isa = PBXBuildFile; fileRef = AAD0A1062C94666A00910ABF /* Assets.xcassets */; };
		AAD0A10A2C94666A00910ABF /* Preview Assets.xcassets in Resources */ = {isa = PBXBuildFile; fileRef = AAD0A1092C94666A00910ABF /* Preview Assets.xcassets */; };
		AAD0A1112C94668900910ABF /* .gitignore in Resources */ = {isa = PBXBuildFile; fileRef = AAD0A1102C94668900910ABF /* .gitignore */; };
		AAD0A1152C9466D400910ABF /* NewsExt.swift in Sources */ = {isa = PBXBuildFile; fileRef = AAD0A1142C9466D400910ABF /* NewsExt.swift */; };
		AAD0A11D2C94673000910ABF /* NewModelDTO.swift in Sources */ = {isa = PBXBuildFile; fileRef = AAD0A11C2C94673000910ABF /* NewModelDTO.swift */; };
		AAD0A11F2C94674A00910ABF /* NewsSearchViewModel.swift in Sources */ = {isa = PBXBuildFile; fileRef = AAD0A11E2C94674A00910ABF /* NewsSearchViewModel.swift */; };
		AAD0A1212C94676A00910ABF /* NewsTab.swift in Sources */ = {isa = PBXBuildFile; fileRef = AAD0A1202C94676A00910ABF /* NewsTab.swift */; };
		AAD0A1232C94677C00910ABF /* TabViewModel.swift in Sources */ = {isa = PBXBuildFile; fileRef = AAD0A1222C94677C00910ABF /* TabViewModel.swift */; };
		AAD0A1252C9467A100910ABF /* NaverNewsAPI.swift in Sources */ = {isa = PBXBuildFile; fileRef = AAD0A1242C9467A100910ABF /* NaverNewsAPI.swift */; };
		AAD0A1272C9467B200910ABF /* NaverNewsHeader.swift in Sources */ = {isa = PBXBuildFile; fileRef = AAD0A1262C9467B200910ABF /* NaverNewsHeader.swift */; };
		AAD0A1292C9467C400910ABF /* NaverNewsRouter.swift in Sources */ = {isa = PBXBuildFile; fileRef = AAD0A1282C9467C400910ABF /* NaverNewsRouter.swift */; };
		AAD0A12B2C9467D700910ABF /* NaverNewsTargetType.swift in Sources */ = {isa = PBXBuildFile; fileRef = AAD0A12A2C9467D700910ABF /* NaverNewsTargetType.swift */; };
		AAD0A1362C94682800910ABF /* NewsSearchListView.swift in Sources */ = {isa = PBXBuildFile; fileRef = AAD0A1352C94682800910ABF /* NewsSearchListView.swift */; };
		AAD0A1382C94683B00910ABF /* NewsView.swift in Sources */ = {isa = PBXBuildFile; fileRef = AAD0A1372C94683B00910ABF /* NewsView.swift */; };
		AAD0A13A2C94684F00910ABF /* NewsDetailView.swift in Sources */ = {isa = PBXBuildFile; fileRef = AAD0A1392C94684F00910ABF /* NewsDetailView.swift */; };
		AAD0A13C2C94686B00910ABF /* Home_NewsView.swift in Sources */ = {isa = PBXBuildFile; fileRef = AAD0A13B2C94686B00910ABF /* Home_NewsView.swift */; };
		AAD0A14A2C9469FA00910ABF /* UpbitRouter.swift in Sources */ = {isa = PBXBuildFile; fileRef = AAD0A1492C9469FA00910ABF /* UpbitRouter.swift */; };
		AAD0A14C2C946A0C00910ABF /* UpbitTargetType.swift in Sources */ = {isa = PBXBuildFile; fileRef = AAD0A14B2C946A0C00910ABF /* UpbitTargetType.swift */; };
		AAD0A14E2C946A2300910ABF /* CryptoModel.swift in Sources */ = {isa = PBXBuildFile; fileRef = AAD0A14D2C946A2200910ABF /* CryptoModel.swift */; };
		AAD0A1502C946A4500910ABF /* UpbitAPIManager.swift in Sources */ = {isa = PBXBuildFile; fileRef = AAD0A14F2C946A4500910ABF /* UpbitAPIManager.swift */; };
		AAD0A1522C946A5900910ABF /* TabBarView.swift in Sources */ = {isa = PBXBuildFile; fileRef = AAD0A1512C946A5900910ABF /* TabBarView.swift */; };
		AAD0A1542C946A6B00910ABF /* CustomCurveShape.swift in Sources */ = {isa = PBXBuildFile; fileRef = AAD0A1532C946A6B00910ABF /* CustomCurveShape.swift */; };
		AAD0A1562C946A7D00910ABF /* MainTapEnum.swift in Sources */ = {isa = PBXBuildFile; fileRef = AAD0A1552C946A7D00910ABF /* MainTapEnum.swift */; };
		AAD0A1582C946A9300910ABF /* Resource.swift in Sources */ = {isa = PBXBuildFile; fileRef = AAD0A1572C946A9300910ABF /* Resource.swift */; };
		AAD0A15A2C946AAB00910ABF /* AppViewModel.swift in Sources */ = {isa = PBXBuildFile; fileRef = AAD0A1592C946AAB00910ABF /* AppViewModel.swift */; };
		AAD0A15C2C946AD500910ABF /* Detail_CoinChartView.swift in Sources */ = {isa = PBXBuildFile; fileRef = AAD0A15B2C946AD500910ABF /* Detail_CoinChartView.swift */; };
		AAD0A15E2C946AF000910ABF /* GraphView.swift in Sources */ = {isa = PBXBuildFile; fileRef = AAD0A15D2C946AF000910ABF /* GraphView.swift */; };
		AAD0A1602C946B0300910ABF /* LineGraph.swift in Sources */ = {isa = PBXBuildFile; fileRef = AAD0A15F2C946B0300910ABF /* LineGraph.swift */; };
		AAD0A1622C946B1600910ABF /* LineGraph2.swift in Sources */ = {isa = PBXBuildFile; fileRef = AAD0A1612C946B1600910ABF /* LineGraph2.swift */; };
		AAD0A1642C946B2600910ABF /* GraphView2.swift in Sources */ = {isa = PBXBuildFile; fileRef = AAD0A1632C946B2600910ABF /* GraphView2.swift */; };
		AAD0A1662C946B3A00910ABF /* Home_CoinSearchView.swift in Sources */ = {isa = PBXBuildFile; fileRef = AAD0A1652C946B3A00910ABF /* Home_CoinSearchView.swift */; };
		AAD0A1682C951B1F00910ABF /* CoinSearchFunction.swift in Sources */ = {isa = PBXBuildFile; fileRef = AAD0A1672C951B1F00910ABF /* CoinSearchFunction.swift */; };
		AAD0A16A2C95280300910ABF /* CoinListView.swift in Sources */ = {isa = PBXBuildFile; fileRef = AAD0A1692C95280300910ABF /* CoinListView.swift */; };
		AAD0A16D2C952DE500910ABF /* HeaderNamedView.swift in Sources */ = {isa = PBXBuildFile; fileRef = AAD0A16C2C952DE500910ABF /* HeaderNamedView.swift */; };
		AAD0A2E92C9984B900910ABF /* WebSocketManager.swift in Sources */ = {isa = PBXBuildFile; fileRef = AAD0A2E82C9984B900910ABF /* WebSocketManager.swift */; };
		AAD0A2EB2C9984D500910ABF /* SocketViewModel.swift in Sources */ = {isa = PBXBuildFile; fileRef = AAD0A2EA2C9984D500910ABF /* SocketViewModel.swift */; };
		AAD0A2ED2C9984F200910ABF /* MarketPrice33.swift in Sources */ = {isa = PBXBuildFile; fileRef = AAD0A2EC2C9984F200910ABF /* MarketPrice33.swift */; };
		AAD0A2F02C99961C00910ABF /* SDWebImageSwiftUI in Frameworks */ = {isa = PBXBuildFile; productRef = AAD0A2EF2C99961C00910ABF /* SDWebImageSwiftUI */; };
		AAD0A2F32C99962A00910ABF /* Alamofire in Frameworks */ = {isa = PBXBuildFile; productRef = AAD0A2F22C99962A00910ABF /* Alamofire */; };
		AAD0A2F62C99963400910ABF /* SwiftSoup in Frameworks */ = {isa = PBXBuildFile; productRef = AAD0A2F52C99963400910ABF /* SwiftSoup */; };
/* End PBXBuildFile section */

/* Begin PBXFileReference section */
		AA56B3102CA1C85000B68816 /* Home_AddAssetView.swift */ = {isa = PBXFileReference; lastKnownFileType = sourcecode.swift; path = Home_AddAssetView.swift; sourceTree = "<group>"; };
		AA56B3122CA1C86400B68816 /* CoinSelectionView.swift */ = {isa = PBXFileReference; lastKnownFileType = sourcecode.swift; path = CoinSelectionView.swift; sourceTree = "<group>"; };
		AA56B3142CA1C87700B68816 /* SaveButtonView.swift */ = {isa = PBXFileReference; lastKnownFileType = sourcecode.swift; path = SaveButtonView.swift; sourceTree = "<group>"; };
		AA56B3162CA1C88C00B68816 /* CoinDetailFieldsView.swift */ = {isa = PBXFileReference; lastKnownFileType = sourcecode.swift; path = CoinDetailFieldsView.swift; sourceTree = "<group>"; };
		AA56B3192CA1C8D200B68816 /* NewExpenseViewModel.swift */ = {isa = PBXFileReference; lastKnownFileType = sourcecode.swift; path = NewExpenseViewModel.swift; sourceTree = "<group>"; };
		AA56B31B2CA1C8F000B68816 /* ExpenseCalculator.swift */ = {isa = PBXFileReference; lastKnownFileType = sourcecode.swift; path = ExpenseCalculator.swift; sourceTree = "<group>"; };
		AA56B31E2CA1C93300B68816 /* ExpenseListView.swift */ = {isa = PBXFileReference; lastKnownFileType = sourcecode.swift; path = ExpenseListView.swift; sourceTree = "<group>"; };
		AA56B3202CA1C94500B68816 /* ChartView.swift */ = {isa = PBXFileReference; lastKnownFileType = sourcecode.swift; path = ChartView.swift; sourceTree = "<group>"; };
		AAD0A0FF2C94666800910ABF /* MyCoinPoket.app */ = {isa = PBXFileReference; explicitFileType = wrapper.application; includeInIndex = 0; path = MyCoinPoket.app; sourceTree = BUILT_PRODUCTS_DIR; };
		AAD0A1022C94666800910ABF /* MyCoinPoketApp.swift */ = {isa = PBXFileReference; lastKnownFileType = sourcecode.swift; path = MyCoinPoketApp.swift; sourceTree = "<group>"; };
		AAD0A1042C94666800910ABF /* ContentView.swift */ = {isa = PBXFileReference; lastKnownFileType = sourcecode.swift; path = ContentView.swift; sourceTree = "<group>"; };
		AAD0A1062C94666A00910ABF /* Assets.xcassets */ = {isa = PBXFileReference; lastKnownFileType = folder.assetcatalog; path = Assets.xcassets; sourceTree = "<group>"; };
		AAD0A1092C94666A00910ABF /* Preview Assets.xcassets */ = {isa = PBXFileReference; lastKnownFileType = folder.assetcatalog; path = "Preview Assets.xcassets"; sourceTree = "<group>"; };
		AAD0A1102C94668900910ABF /* .gitignore */ = {isa = PBXFileReference; fileEncoding = 4; lastKnownFileType = text; path = .gitignore; sourceTree = "<group>"; };
		AAD0A1142C9466D400910ABF /* NewsExt.swift */ = {isa = PBXFileReference; lastKnownFileType = sourcecode.swift; path = NewsExt.swift; sourceTree = "<group>"; };
		AAD0A11C2C94673000910ABF /* NewModelDTO.swift */ = {isa = PBXFileReference; lastKnownFileType = sourcecode.swift; path = NewModelDTO.swift; sourceTree = "<group>"; };
		AAD0A11E2C94674A00910ABF /* NewsSearchViewModel.swift */ = {isa = PBXFileReference; lastKnownFileType = sourcecode.swift; path = NewsSearchViewModel.swift; sourceTree = "<group>"; };
		AAD0A1202C94676A00910ABF /* NewsTab.swift */ = {isa = PBXFileReference; lastKnownFileType = sourcecode.swift; path = NewsTab.swift; sourceTree = "<group>"; };
		AAD0A1222C94677C00910ABF /* TabViewModel.swift */ = {isa = PBXFileReference; lastKnownFileType = sourcecode.swift; path = TabViewModel.swift; sourceTree = "<group>"; };
		AAD0A1242C9467A100910ABF /* NaverNewsAPI.swift */ = {isa = PBXFileReference; lastKnownFileType = sourcecode.swift; path = NaverNewsAPI.swift; sourceTree = "<group>"; };
		AAD0A1262C9467B200910ABF /* NaverNewsHeader.swift */ = {isa = PBXFileReference; lastKnownFileType = sourcecode.swift; path = NaverNewsHeader.swift; sourceTree = "<group>"; };
		AAD0A1282C9467C400910ABF /* NaverNewsRouter.swift */ = {isa = PBXFileReference; lastKnownFileType = sourcecode.swift; path = NaverNewsRouter.swift; sourceTree = "<group>"; };
		AAD0A12A2C9467D700910ABF /* NaverNewsTargetType.swift */ = {isa = PBXFileReference; lastKnownFileType = sourcecode.swift; path = NaverNewsTargetType.swift; sourceTree = "<group>"; };
		AAD0A1352C94682800910ABF /* NewsSearchListView.swift */ = {isa = PBXFileReference; lastKnownFileType = sourcecode.swift; path = NewsSearchListView.swift; sourceTree = "<group>"; };
		AAD0A1372C94683B00910ABF /* NewsView.swift */ = {isa = PBXFileReference; lastKnownFileType = sourcecode.swift; path = NewsView.swift; sourceTree = "<group>"; };
		AAD0A1392C94684F00910ABF /* NewsDetailView.swift */ = {isa = PBXFileReference; lastKnownFileType = sourcecode.swift; path = NewsDetailView.swift; sourceTree = "<group>"; };
		AAD0A13B2C94686B00910ABF /* Home_NewsView.swift */ = {isa = PBXFileReference; lastKnownFileType = sourcecode.swift; path = Home_NewsView.swift; sourceTree = "<group>"; };
		AAD0A13D2C9468DD00910ABF /* Info.plist */ = {isa = PBXFileReference; lastKnownFileType = text.plist; path = Info.plist; sourceTree = "<group>"; };
		AAD0A1492C9469FA00910ABF /* UpbitRouter.swift */ = {isa = PBXFileReference; lastKnownFileType = sourcecode.swift; path = UpbitRouter.swift; sourceTree = "<group>"; };
		AAD0A14B2C946A0C00910ABF /* UpbitTargetType.swift */ = {isa = PBXFileReference; lastKnownFileType = sourcecode.swift; path = UpbitTargetType.swift; sourceTree = "<group>"; };
		AAD0A14D2C946A2200910ABF /* CryptoModel.swift */ = {isa = PBXFileReference; lastKnownFileType = sourcecode.swift; path = CryptoModel.swift; sourceTree = "<group>"; };
		AAD0A14F2C946A4500910ABF /* UpbitAPIManager.swift */ = {isa = PBXFileReference; lastKnownFileType = sourcecode.swift; path = UpbitAPIManager.swift; sourceTree = "<group>"; };
		AAD0A1512C946A5900910ABF /* TabBarView.swift */ = {isa = PBXFileReference; lastKnownFileType = sourcecode.swift; path = TabBarView.swift; sourceTree = "<group>"; };
		AAD0A1532C946A6B00910ABF /* CustomCurveShape.swift */ = {isa = PBXFileReference; lastKnownFileType = sourcecode.swift; path = CustomCurveShape.swift; sourceTree = "<group>"; };
		AAD0A1552C946A7D00910ABF /* MainTapEnum.swift */ = {isa = PBXFileReference; lastKnownFileType = sourcecode.swift; path = MainTapEnum.swift; sourceTree = "<group>"; };
		AAD0A1572C946A9300910ABF /* Resource.swift */ = {isa = PBXFileReference; lastKnownFileType = sourcecode.swift; path = Resource.swift; sourceTree = "<group>"; };
		AAD0A1592C946AAB00910ABF /* AppViewModel.swift */ = {isa = PBXFileReference; lastKnownFileType = sourcecode.swift; path = AppViewModel.swift; sourceTree = "<group>"; };
		AAD0A15B2C946AD500910ABF /* Detail_CoinChartView.swift */ = {isa = PBXFileReference; lastKnownFileType = sourcecode.swift; path = Detail_CoinChartView.swift; sourceTree = "<group>"; };
		AAD0A15D2C946AF000910ABF /* GraphView.swift */ = {isa = PBXFileReference; lastKnownFileType = sourcecode.swift; path = GraphView.swift; sourceTree = "<group>"; };
		AAD0A15F2C946B0300910ABF /* LineGraph.swift */ = {isa = PBXFileReference; lastKnownFileType = sourcecode.swift; path = LineGraph.swift; sourceTree = "<group>"; };
		AAD0A1612C946B1600910ABF /* LineGraph2.swift */ = {isa = PBXFileReference; lastKnownFileType = sourcecode.swift; path = LineGraph2.swift; sourceTree = "<group>"; };
		AAD0A1632C946B2600910ABF /* GraphView2.swift */ = {isa = PBXFileReference; lastKnownFileType = sourcecode.swift; path = GraphView2.swift; sourceTree = "<group>"; };
		AAD0A1652C946B3A00910ABF /* Home_CoinSearchView.swift */ = {isa = PBXFileReference; lastKnownFileType = sourcecode.swift; path = Home_CoinSearchView.swift; sourceTree = "<group>"; };
		AAD0A1672C951B1F00910ABF /* CoinSearchFunction.swift */ = {isa = PBXFileReference; lastKnownFileType = sourcecode.swift; path = CoinSearchFunction.swift; sourceTree = "<group>"; };
		AAD0A1692C95280300910ABF /* CoinListView.swift */ = {isa = PBXFileReference; lastKnownFileType = sourcecode.swift; path = CoinListView.swift; sourceTree = "<group>"; };
		AAD0A16C2C952DE500910ABF /* HeaderNamedView.swift */ = {isa = PBXFileReference; lastKnownFileType = sourcecode.swift; path = HeaderNamedView.swift; sourceTree = "<group>"; };
		AAD0A2E82C9984B900910ABF /* WebSocketManager.swift */ = {isa = PBXFileReference; lastKnownFileType = sourcecode.swift; path = WebSocketManager.swift; sourceTree = "<group>"; };
		AAD0A2EA2C9984D500910ABF /* SocketViewModel.swift */ = {isa = PBXFileReference; lastKnownFileType = sourcecode.swift; path = SocketViewModel.swift; sourceTree = "<group>"; };
		AAD0A2EC2C9984F200910ABF /* MarketPrice33.swift */ = {isa = PBXFileReference; lastKnownFileType = sourcecode.swift; path = MarketPrice33.swift; sourceTree = "<group>"; };
/* End PBXFileReference section */

/* Begin PBXFrameworksBuildPhase section */
		AAD0A0FC2C94666800910ABF /* Frameworks */ = {
			isa = PBXFrameworksBuildPhase;
			buildActionMask = 2147483647;
			files = (
				AAD0A2F02C99961C00910ABF /* SDWebImageSwiftUI in Frameworks */,
				AAD0A2F32C99962A00910ABF /* Alamofire in Frameworks */,
				AAD0A2F62C99963400910ABF /* SwiftSoup in Frameworks */,
			);
			runOnlyForDeploymentPostprocessing = 0;
		};
/* End PBXFrameworksBuildPhase section */

/* Begin PBXGroup section */
		AA56B30E2CA1C81000B68816 /* AddCoinView */ = {
			isa = PBXGroup;
			children = (
				AA56B31D2CA1C92500B68816 /* ExpenseList */,
				AA56B3182CA1C8C000B68816 /* NewExpenseViewModel */,
				AA56B30F2CA1C82C00B68816 /* AddAssetViews */,
			);
			path = AddCoinView;
			sourceTree = "<group>";
		};
		AA56B30F2CA1C82C00B68816 /* AddAssetViews */ = {
			isa = PBXGroup;
			children = (
				AA56B3102CA1C85000B68816 /* Home_AddAssetView.swift */,
				AA56B3122CA1C86400B68816 /* CoinSelectionView.swift */,
				AA56B3142CA1C87700B68816 /* SaveButtonView.swift */,
				AA56B3162CA1C88C00B68816 /* CoinDetailFieldsView.swift */,
			);
			path = AddAssetViews;
			sourceTree = "<group>";
		};
		AA56B3182CA1C8C000B68816 /* NewExpenseViewModel */ = {
			isa = PBXGroup;
			children = (
				AA56B3192CA1C8D200B68816 /* NewExpenseViewModel.swift */,
				AA56B31B2CA1C8F000B68816 /* ExpenseCalculator.swift */,
			);
			path = NewExpenseViewModel;
			sourceTree = "<group>";
		};
		AA56B31D2CA1C92500B68816 /* ExpenseList */ = {
			isa = PBXGroup;
			children = (
				AA56B31E2CA1C93300B68816 /* ExpenseListView.swift */,
				AA56B3202CA1C94500B68816 /* ChartView.swift */,
			);
			path = ExpenseList;
			sourceTree = "<group>";
		};
		AAD0A0F62C94666800910ABF = {
			isa = PBXGroup;
			children = (
				AAD0A1102C94668900910ABF /* .gitignore */,
				AAD0A1012C94666800910ABF /* MyCoinPoket */,
				AAD0A1002C94666800910ABF /* Products */,
			);
			sourceTree = "<group>";
		};
		AAD0A1002C94666800910ABF /* Products */ = {
			isa = PBXGroup;
			children = (
				AAD0A0FF2C94666800910ABF /* MyCoinPoket.app */,
			);
			name = Products;
			sourceTree = "<group>";
		};
		AAD0A1012C94666800910ABF /* MyCoinPoket */ = {
			isa = PBXGroup;
			children = (
				AAD0A13D2C9468DD00910ABF /* Info.plist */,
				AA56B30E2CA1C81000B68816 /* AddCoinView */,
				AAD0A2E72C9984A200910ABF /* SocketNetwork */,
				AAD0A13E2C94694500910ABF /* MainCoinView */,
				AAD0A1122C9466AC00910ABF /* NaverNewsScrollView */,
				AAD0A1022C94666800910ABF /* MyCoinPoketApp.swift */,
				AAD0A1042C94666800910ABF /* ContentView.swift */,
				AAD0A1062C94666A00910ABF /* Assets.xcassets */,
				AAD0A1082C94666A00910ABF /* Preview Content */,
			);
			path = MyCoinPoket;
			sourceTree = "<group>";
		};
		AAD0A1082C94666A00910ABF /* Preview Content */ = {
			isa = PBXGroup;
			children = (
				AAD0A1092C94666A00910ABF /* Preview Assets.xcassets */,
			);
			path = "Preview Content";
			sourceTree = "<group>";
		};
		AAD0A1122C9466AC00910ABF /* NaverNewsScrollView */ = {
			isa = PBXGroup;
			children = (
				AAD0A1162C9466EB00910ABF /* NewsView */,
				AAD0A1132C9466BD00910ABF /* NewsExts */,
			);
			path = NaverNewsScrollView;
			sourceTree = "<group>";
		};
		AAD0A1132C9466BD00910ABF /* NewsExts */ = {
			isa = PBXGroup;
			children = (
				AAD0A1142C9466D400910ABF /* NewsExt.swift */,
			);
			path = NewsExts;
			sourceTree = "<group>";
		};
		AAD0A1162C9466EB00910ABF /* NewsView */ = {
			isa = PBXGroup;
			children = (
				AAD0A11A2C94671600910ABF /* Model */,
				AAD0A1192C94670B00910ABF /* Network */,
				AAD0A1182C94670300910ABF /* View */,
				AAD0A1172C9466F900910ABF /* NewsHome */,
			);
			path = NewsView;
			sourceTree = "<group>";
		};
		AAD0A1172C9466F900910ABF /* NewsHome */ = {
			isa = PBXGroup;
			children = (
				AAD0A13B2C94686B00910ABF /* Home_NewsView.swift */,
			);
			path = NewsHome;
			sourceTree = "<group>";
		};
		AAD0A1182C94670300910ABF /* View */ = {
			isa = PBXGroup;
			children = (
				AAD0A1352C94682800910ABF /* NewsSearchListView.swift */,
				AAD0A1372C94683B00910ABF /* NewsView.swift */,
				AAD0A1392C94684F00910ABF /* NewsDetailView.swift */,
			);
			path = View;
			sourceTree = "<group>";
		};
		AAD0A1192C94670B00910ABF /* Network */ = {
			isa = PBXGroup;
			children = (
				AAD0A1242C9467A100910ABF /* NaverNewsAPI.swift */,
				AAD0A1262C9467B200910ABF /* NaverNewsHeader.swift */,
				AAD0A1282C9467C400910ABF /* NaverNewsRouter.swift */,
				AAD0A12A2C9467D700910ABF /* NaverNewsTargetType.swift */,
			);
			path = Network;
			sourceTree = "<group>";
		};
		AAD0A11A2C94671600910ABF /* Model */ = {
			isa = PBXGroup;
			children = (
				AAD0A11B2C94672000910ABF /* NewsModel */,
			);
			path = Model;
			sourceTree = "<group>";
		};
		AAD0A11B2C94672000910ABF /* NewsModel */ = {
			isa = PBXGroup;
			children = (
				AAD0A11C2C94673000910ABF /* NewModelDTO.swift */,
				AAD0A11E2C94674A00910ABF /* NewsSearchViewModel.swift */,
				AAD0A1202C94676A00910ABF /* NewsTab.swift */,
				AAD0A1222C94677C00910ABF /* TabViewModel.swift */,
			);
			path = NewsModel;
			sourceTree = "<group>";
		};
		AAD0A13E2C94694500910ABF /* MainCoinView */ = {
			isa = PBXGroup;
			children = (
				AAD0A13F2C94696600910ABF /* CoinNetwork */,
				AAD0A1402C94697100910ABF /* UpbitModel */,
				AAD0A1412C94697A00910ABF /* CoinAPI */,
				AAD0A1422C94698300910ABF /* TabBar */,
				AAD0A1432C94698C00910ABF /* Resource */,
				AAD0A1442C94699500910ABF /* Model */,
				AAD0A1462C9469A600910ABF /* CoinSearchView */,
			);
			path = MainCoinView;
			sourceTree = "<group>";
		};
		AAD0A13F2C94696600910ABF /* CoinNetwork */ = {
			isa = PBXGroup;
			children = (
				AAD0A1492C9469FA00910ABF /* UpbitRouter.swift */,
				AAD0A14B2C946A0C00910ABF /* UpbitTargetType.swift */,
			);
			path = CoinNetwork;
			sourceTree = "<group>";
		};
		AAD0A1402C94697100910ABF /* UpbitModel */ = {
			isa = PBXGroup;
			children = (
				AAD0A14D2C946A2200910ABF /* CryptoModel.swift */,
			);
			path = UpbitModel;
			sourceTree = "<group>";
		};
		AAD0A1412C94697A00910ABF /* CoinAPI */ = {
			isa = PBXGroup;
			children = (
				AAD0A14F2C946A4500910ABF /* UpbitAPIManager.swift */,
			);
			path = CoinAPI;
			sourceTree = "<group>";
		};
		AAD0A1422C94698300910ABF /* TabBar */ = {
			isa = PBXGroup;
			children = (
				AAD0A1512C946A5900910ABF /* TabBarView.swift */,
				AAD0A1532C946A6B00910ABF /* CustomCurveShape.swift */,
				AAD0A1552C946A7D00910ABF /* MainTapEnum.swift */,
			);
			path = TabBar;
			sourceTree = "<group>";
		};
		AAD0A1432C94698C00910ABF /* Resource */ = {
			isa = PBXGroup;
			children = (
				AAD0A1572C946A9300910ABF /* Resource.swift */,
			);
			path = Resource;
			sourceTree = "<group>";
		};
		AAD0A1442C94699500910ABF /* Model */ = {
			isa = PBXGroup;
			children = (
				AAD0A1452C94699D00910ABF /* ViewModel */,
			);
			path = Model;
			sourceTree = "<group>";
		};
		AAD0A1452C94699D00910ABF /* ViewModel */ = {
			isa = PBXGroup;
			children = (
				AAD0A1592C946AAB00910ABF /* AppViewModel.swift */,
			);
			path = ViewModel;
			sourceTree = "<group>";
		};
		AAD0A1462C9469A600910ABF /* CoinSearchView */ = {
			isa = PBXGroup;
			children = (
				AAD0A1652C946B3A00910ABF /* Home_CoinSearchView.swift */,
				AAD0A1482C9469B900910ABF /* View */,
				AAD0A1472C9469AF00910ABF /* GraphVeiw */,
			);
			path = CoinSearchView;
			sourceTree = "<group>";
		};
		AAD0A1472C9469AF00910ABF /* GraphVeiw */ = {
			isa = PBXGroup;
			children = (
				AAD0A15D2C946AF000910ABF /* GraphView.swift */,
				AAD0A1632C946B2600910ABF /* GraphView2.swift */,
				AAD0A15F2C946B0300910ABF /* LineGraph.swift */,
				AAD0A1612C946B1600910ABF /* LineGraph2.swift */,
			);
			path = GraphVeiw;
			sourceTree = "<group>";
		};
		AAD0A1482C9469B900910ABF /* View */ = {
			isa = PBXGroup;
			children = (
				AAD0A1672C951B1F00910ABF /* CoinSearchFunction.swift */,
				AAD0A1692C95280300910ABF /* CoinListView.swift */,
				AAD0A16E2C952E1000910ABF /* Detail_CoinChart */,
			);
			path = View;
			sourceTree = "<group>";
		};
		AAD0A16B2C952DC600910ABF /* Detail_view */ = {
			isa = PBXGroup;
			children = (
				AAD0A16C2C952DE500910ABF /* HeaderNamedView.swift */,
			);
			path = Detail_view;
			sourceTree = "<group>";
		};
		AAD0A16E2C952E1000910ABF /* Detail_CoinChart */ = {
			isa = PBXGroup;
			children = (
				AAD0A15B2C946AD500910ABF /* Detail_CoinChartView.swift */,
				AAD0A16B2C952DC600910ABF /* Detail_view */,
			);
			path = Detail_CoinChart;
			sourceTree = "<group>";
		};
		AAD0A2E72C9984A200910ABF /* SocketNetwork */ = {
			isa = PBXGroup;
			children = (
				AAD0A2E82C9984B900910ABF /* WebSocketManager.swift */,
				AAD0A2EA2C9984D500910ABF /* SocketViewModel.swift */,
				AAD0A2EC2C9984F200910ABF /* MarketPrice33.swift */,
			);
			path = SocketNetwork;
			sourceTree = "<group>";
		};
/* End PBXGroup section */

/* Begin PBXNativeTarget section */
		AAD0A0FE2C94666800910ABF /* MyCoinPoket */ = {
			isa = PBXNativeTarget;
			buildConfigurationList = AAD0A10D2C94666A00910ABF /* Build configuration list for PBXNativeTarget "MyCoinPoket" */;
			buildPhases = (
				AAD0A0FB2C94666800910ABF /* Sources */,
				AAD0A0FC2C94666800910ABF /* Frameworks */,
				AAD0A0FD2C94666800910ABF /* Resources */,
			);
			buildRules = (
			);
			dependencies = (
			);
			name = MyCoinPoket;
			packageProductDependencies = (
				AAD0A2EF2C99961C00910ABF /* SDWebImageSwiftUI */,
				AAD0A2F22C99962A00910ABF /* Alamofire */,
				AAD0A2F52C99963400910ABF /* SwiftSoup */,
			);
			productName = MyCoinPoket;
			productReference = AAD0A0FF2C94666800910ABF /* MyCoinPoket.app */;
			productType = "com.apple.product-type.application";
		};
/* End PBXNativeTarget section */

/* Begin PBXProject section */
		AAD0A0F72C94666800910ABF /* Project object */ = {
			isa = PBXProject;
			attributes = {
				BuildIndependentTargetsInParallel = 1;
				LastSwiftUpdateCheck = 1540;
				LastUpgradeCheck = 1540;
				TargetAttributes = {
					AAD0A0FE2C94666800910ABF = {
						CreatedOnToolsVersion = 15.4;
					};
				};
			};
			buildConfigurationList = AAD0A0FA2C94666800910ABF /* Build configuration list for PBXProject "MyCoinPoket" */;
			compatibilityVersion = "Xcode 14.0";
			developmentRegion = en;
			hasScannedForEncodings = 0;
			knownRegions = (
				en,
				Base,
			);
			mainGroup = AAD0A0F62C94666800910ABF;
			packageReferences = (
				AAD0A2EE2C99961C00910ABF /* XCRemoteSwiftPackageReference "SDWebImageSwiftUI" */,
				AAD0A2F12C99962A00910ABF /* XCRemoteSwiftPackageReference "Alamofire" */,
				AAD0A2F42C99963400910ABF /* XCRemoteSwiftPackageReference "SwiftSoup" */,
			);
			productRefGroup = AAD0A1002C94666800910ABF /* Products */;
			projectDirPath = "";
			projectRoot = "";
			targets = (
				AAD0A0FE2C94666800910ABF /* MyCoinPoket */,
			);
		};
/* End PBXProject section */

/* Begin PBXResourcesBuildPhase section */
		AAD0A0FD2C94666800910ABF /* Resources */ = {
			isa = PBXResourcesBuildPhase;
			buildActionMask = 2147483647;
			files = (
				AAD0A10A2C94666A00910ABF /* Preview Assets.xcassets in Resources */,
				AAD0A1112C94668900910ABF /* .gitignore in Resources */,
				AAD0A1072C94666A00910ABF /* Assets.xcassets in Resources */,
			);
			runOnlyForDeploymentPostprocessing = 0;
		};
/* End PBXResourcesBuildPhase section */

/* Begin PBXSourcesBuildPhase section */
		AAD0A0FB2C94666800910ABF /* Sources */ = {
			isa = PBXSourcesBuildPhase;
			buildActionMask = 2147483647;
			files = (
				AAD0A1252C9467A100910ABF /* NaverNewsAPI.swift in Sources */,
				AAD0A14A2C9469FA00910ABF /* UpbitRouter.swift in Sources */,
				AA56B31C2CA1C8F000B68816 /* ExpenseCalculator.swift in Sources */,
				AAD0A15A2C946AAB00910ABF /* AppViewModel.swift in Sources */,
				AA56B3172CA1C88C00B68816 /* CoinDetailFieldsView.swift in Sources */,
				AAD0A1272C9467B200910ABF /* NaverNewsHeader.swift in Sources */,
				AA56B3152CA1C87700B68816 /* SaveButtonView.swift in Sources */,
				AA56B3212CA1C94500B68816 /* ChartView.swift in Sources */,
				AAD0A1052C94666800910ABF /* ContentView.swift in Sources */,
				AAD0A1682C951B1F00910ABF /* CoinSearchFunction.swift in Sources */,
				AAD0A1152C9466D400910ABF /* NewsExt.swift in Sources */,
				AAD0A1292C9467C400910ABF /* NaverNewsRouter.swift in Sources */,
				AAD0A1502C946A4500910ABF /* UpbitAPIManager.swift in Sources */,
				AAD0A1542C946A6B00910ABF /* CustomCurveShape.swift in Sources */,
				AA56B3132CA1C86400B68816 /* CoinSelectionView.swift in Sources */,
				AAD0A1582C946A9300910ABF /* Resource.swift in Sources */,
				AA56B3112CA1C85000B68816 /* Home_AddAssetView.swift in Sources */,
				AAD0A13C2C94686B00910ABF /* Home_NewsView.swift in Sources */,
				AAD0A1622C946B1600910ABF /* LineGraph2.swift in Sources */,
				AAD0A2E92C9984B900910ABF /* WebSocketManager.swift in Sources */,
				AAD0A16A2C95280300910ABF /* CoinListView.swift in Sources */,
				AAD0A1362C94682800910ABF /* NewsSearchListView.swift in Sources */,
				AAD0A11F2C94674A00910ABF /* NewsSearchViewModel.swift in Sources */,
				AAD0A14C2C946A0C00910ABF /* UpbitTargetType.swift in Sources */,
				AAD0A1642C946B2600910ABF /* GraphView2.swift in Sources */,
				AAD0A1382C94683B00910ABF /* NewsView.swift in Sources */,
				AA56B31F2CA1C93300B68816 /* ExpenseListView.swift in Sources */,
				AAD0A1562C946A7D00910ABF /* MainTapEnum.swift in Sources */,
				AAD0A1602C946B0300910ABF /* LineGraph.swift in Sources */,
				AAD0A11D2C94673000910ABF /* NewModelDTO.swift in Sources */,
				AAD0A14E2C946A2300910ABF /* CryptoModel.swift in Sources */,
				AA56B31A2CA1C8D200B68816 /* NewExpenseViewModel.swift in Sources */,
				AAD0A12B2C9467D700910ABF /* NaverNewsTargetType.swift in Sources */,
				AAD0A15E2C946AF000910ABF /* GraphView.swift in Sources */,
				AAD0A16D2C952DE500910ABF /* HeaderNamedView.swift in Sources */,
				AAD0A13A2C94684F00910ABF /* NewsDetailView.swift in Sources */,
				AAD0A1212C94676A00910ABF /* NewsTab.swift in Sources */,
				AAD0A1232C94677C00910ABF /* TabViewModel.swift in Sources */,
				AAD0A15C2C946AD500910ABF /* Detail_CoinChartView.swift in Sources */,
				AAD0A1522C946A5900910ABF /* TabBarView.swift in Sources */,
				AAD0A1662C946B3A00910ABF /* Home_CoinSearchView.swift in Sources */,
				AAD0A1032C94666800910ABF /* MyCoinPoketApp.swift in Sources */,
				AAD0A2EB2C9984D500910ABF /* SocketViewModel.swift in Sources */,
				AAD0A2ED2C9984F200910ABF /* MarketPrice33.swift in Sources */,
			);
			runOnlyForDeploymentPostprocessing = 0;
		};
/* End PBXSourcesBuildPhase section */

/* Begin XCBuildConfiguration section */
		AAD0A10B2C94666A00910ABF /* Debug */ = {
			isa = XCBuildConfiguration;
			buildSettings = {
				ALWAYS_SEARCH_USER_PATHS = NO;
				ASSETCATALOG_COMPILER_GENERATE_SWIFT_ASSET_SYMBOL_EXTENSIONS = YES;
				CLANG_ANALYZER_NONNULL = YES;
				CLANG_ANALYZER_NUMBER_OBJECT_CONVERSION = YES_AGGRESSIVE;
				CLANG_CXX_LANGUAGE_STANDARD = "gnu++20";
				CLANG_ENABLE_MODULES = YES;
				CLANG_ENABLE_OBJC_ARC = YES;
				CLANG_ENABLE_OBJC_WEAK = YES;
				CLANG_WARN_BLOCK_CAPTURE_AUTORELEASING = YES;
				CLANG_WARN_BOOL_CONVERSION = YES;
				CLANG_WARN_COMMA = YES;
				CLANG_WARN_CONSTANT_CONVERSION = YES;
				CLANG_WARN_DEPRECATED_OBJC_IMPLEMENTATIONS = YES;
				CLANG_WARN_DIRECT_OBJC_ISA_USAGE = YES_ERROR;
				CLANG_WARN_DOCUMENTATION_COMMENTS = YES;
				CLANG_WARN_EMPTY_BODY = YES;
				CLANG_WARN_ENUM_CONVERSION = YES;
				CLANG_WARN_INFINITE_RECURSION = YES;
				CLANG_WARN_INT_CONVERSION = YES;
				CLANG_WARN_NON_LITERAL_NULL_CONVERSION = YES;
				CLANG_WARN_OBJC_IMPLICIT_RETAIN_SELF = YES;
				CLANG_WARN_OBJC_LITERAL_CONVERSION = YES;
				CLANG_WARN_OBJC_ROOT_CLASS = YES_ERROR;
				CLANG_WARN_QUOTED_INCLUDE_IN_FRAMEWORK_HEADER = YES;
				CLANG_WARN_RANGE_LOOP_ANALYSIS = YES;
				CLANG_WARN_STRICT_PROTOTYPES = YES;
				CLANG_WARN_SUSPICIOUS_MOVE = YES;
				CLANG_WARN_UNGUARDED_AVAILABILITY = YES_AGGRESSIVE;
				CLANG_WARN_UNREACHABLE_CODE = YES;
				CLANG_WARN__DUPLICATE_METHOD_MATCH = YES;
				COPY_PHASE_STRIP = NO;
				DEBUG_INFORMATION_FORMAT = dwarf;
				ENABLE_STRICT_OBJC_MSGSEND = YES;
				ENABLE_TESTABILITY = YES;
				ENABLE_USER_SCRIPT_SANDBOXING = YES;
				GCC_C_LANGUAGE_STANDARD = gnu17;
				GCC_DYNAMIC_NO_PIC = NO;
				GCC_NO_COMMON_BLOCKS = YES;
				GCC_OPTIMIZATION_LEVEL = 0;
				GCC_PREPROCESSOR_DEFINITIONS = (
					"DEBUG=1",
					"$(inherited)",
				);
				GCC_WARN_64_TO_32_BIT_CONVERSION = YES;
				GCC_WARN_ABOUT_RETURN_TYPE = YES_ERROR;
				GCC_WARN_UNDECLARED_SELECTOR = YES;
				GCC_WARN_UNINITIALIZED_AUTOS = YES_AGGRESSIVE;
				GCC_WARN_UNUSED_FUNCTION = YES;
				GCC_WARN_UNUSED_VARIABLE = YES;
				IPHONEOS_DEPLOYMENT_TARGET = 17.5;
				LOCALIZATION_PREFERS_STRING_CATALOGS = YES;
				MTL_ENABLE_DEBUG_INFO = INCLUDE_SOURCE;
				MTL_FAST_MATH = YES;
				ONLY_ACTIVE_ARCH = YES;
				SDKROOT = iphoneos;
				SWIFT_ACTIVE_COMPILATION_CONDITIONS = "DEBUG $(inherited)";
				SWIFT_OPTIMIZATION_LEVEL = "-Onone";
			};
			name = Debug;
		};
		AAD0A10C2C94666A00910ABF /* Release */ = {
			isa = XCBuildConfiguration;
			buildSettings = {
				ALWAYS_SEARCH_USER_PATHS = NO;
				ASSETCATALOG_COMPILER_GENERATE_SWIFT_ASSET_SYMBOL_EXTENSIONS = YES;
				CLANG_ANALYZER_NONNULL = YES;
				CLANG_ANALYZER_NUMBER_OBJECT_CONVERSION = YES_AGGRESSIVE;
				CLANG_CXX_LANGUAGE_STANDARD = "gnu++20";
				CLANG_ENABLE_MODULES = YES;
				CLANG_ENABLE_OBJC_ARC = YES;
				CLANG_ENABLE_OBJC_WEAK = YES;
				CLANG_WARN_BLOCK_CAPTURE_AUTORELEASING = YES;
				CLANG_WARN_BOOL_CONVERSION = YES;
				CLANG_WARN_COMMA = YES;
				CLANG_WARN_CONSTANT_CONVERSION = YES;
				CLANG_WARN_DEPRECATED_OBJC_IMPLEMENTATIONS = YES;
				CLANG_WARN_DIRECT_OBJC_ISA_USAGE = YES_ERROR;
				CLANG_WARN_DOCUMENTATION_COMMENTS = YES;
				CLANG_WARN_EMPTY_BODY = YES;
				CLANG_WARN_ENUM_CONVERSION = YES;
				CLANG_WARN_INFINITE_RECURSION = YES;
				CLANG_WARN_INT_CONVERSION = YES;
				CLANG_WARN_NON_LITERAL_NULL_CONVERSION = YES;
				CLANG_WARN_OBJC_IMPLICIT_RETAIN_SELF = YES;
				CLANG_WARN_OBJC_LITERAL_CONVERSION = YES;
				CLANG_WARN_OBJC_ROOT_CLASS = YES_ERROR;
				CLANG_WARN_QUOTED_INCLUDE_IN_FRAMEWORK_HEADER = YES;
				CLANG_WARN_RANGE_LOOP_ANALYSIS = YES;
				CLANG_WARN_STRICT_PROTOTYPES = YES;
				CLANG_WARN_SUSPICIOUS_MOVE = YES;
				CLANG_WARN_UNGUARDED_AVAILABILITY = YES_AGGRESSIVE;
				CLANG_WARN_UNREACHABLE_CODE = YES;
				CLANG_WARN__DUPLICATE_METHOD_MATCH = YES;
				COPY_PHASE_STRIP = NO;
				DEBUG_INFORMATION_FORMAT = "dwarf-with-dsym";
				ENABLE_NS_ASSERTIONS = NO;
				ENABLE_STRICT_OBJC_MSGSEND = YES;
				ENABLE_USER_SCRIPT_SANDBOXING = YES;
				GCC_C_LANGUAGE_STANDARD = gnu17;
				GCC_NO_COMMON_BLOCKS = YES;
				GCC_WARN_64_TO_32_BIT_CONVERSION = YES;
				GCC_WARN_ABOUT_RETURN_TYPE = YES_ERROR;
				GCC_WARN_UNDECLARED_SELECTOR = YES;
				GCC_WARN_UNINITIALIZED_AUTOS = YES_AGGRESSIVE;
				GCC_WARN_UNUSED_FUNCTION = YES;
				GCC_WARN_UNUSED_VARIABLE = YES;
				IPHONEOS_DEPLOYMENT_TARGET = 17.5;
				LOCALIZATION_PREFERS_STRING_CATALOGS = YES;
				MTL_ENABLE_DEBUG_INFO = NO;
				MTL_FAST_MATH = YES;
				SDKROOT = iphoneos;
				SWIFT_COMPILATION_MODE = wholemodule;
				VALIDATE_PRODUCT = YES;
			};
			name = Release;
		};
		AAD0A10E2C94666A00910ABF /* Debug */ = {
			isa = XCBuildConfiguration;
			buildSettings = {
				ASSETCATALOG_COMPILER_APPICON_NAME = AppIcon;
				ASSETCATALOG_COMPILER_GLOBAL_ACCENT_COLOR_NAME = AccentColor;
				CODE_SIGN_STYLE = Automatic;
				CURRENT_PROJECT_VERSION = 1;
				DEVELOPMENT_ASSET_PATHS = "\"MyCoinPoket/Preview Content\"";
				DEVELOPMENT_TEAM = 4KLMMMFY4D;
				ENABLE_PREVIEWS = YES;
				GENERATE_INFOPLIST_FILE = YES;
				INFOPLIST_FILE = MyCoinPoket/Info.plist;
				INFOPLIST_KEY_UIApplicationSceneManifest_Generation = YES;
				INFOPLIST_KEY_UIApplicationSupportsIndirectInputEvents = YES;
				INFOPLIST_KEY_UILaunchScreen_Generation = YES;
				INFOPLIST_KEY_UISupportedInterfaceOrientations_iPad = "UIInterfaceOrientationPortrait UIInterfaceOrientationPortraitUpsideDown UIInterfaceOrientationLandscapeLeft UIInterfaceOrientationLandscapeRight";
				INFOPLIST_KEY_UISupportedInterfaceOrientations_iPhone = "UIInterfaceOrientationPortrait UIInterfaceOrientationLandscapeLeft UIInterfaceOrientationLandscapeRight";
				LD_RUNPATH_SEARCH_PATHS = (
					"$(inherited)",
					"@executable_path/Frameworks",
				);
				MARKETING_VERSION = 1.0;
				PRODUCT_BUNDLE_IDENTIFIER = com.acasia.MyCoinPoket;
				PRODUCT_NAME = "$(TARGET_NAME)";
				SWIFT_EMIT_LOC_STRINGS = YES;
				SWIFT_VERSION = 5.0;
				TARGETED_DEVICE_FAMILY = "1,2";
			};
			name = Debug;
		};
		AAD0A10F2C94666A00910ABF /* Release */ = {
			isa = XCBuildConfiguration;
			buildSettings = {
				ASSETCATALOG_COMPILER_APPICON_NAME = AppIcon;
				ASSETCATALOG_COMPILER_GLOBAL_ACCENT_COLOR_NAME = AccentColor;
				CODE_SIGN_STYLE = Automatic;
				CURRENT_PROJECT_VERSION = 1;
				DEVELOPMENT_ASSET_PATHS = "\"MyCoinPoket/Preview Content\"";
				DEVELOPMENT_TEAM = 4KLMMMFY4D;
				ENABLE_PREVIEWS = YES;
				GENERATE_INFOPLIST_FILE = YES;
				INFOPLIST_FILE = MyCoinPoket/Info.plist;
				INFOPLIST_KEY_UIApplicationSceneManifest_Generation = YES;
				INFOPLIST_KEY_UIApplicationSupportsIndirectInputEvents = YES;
				INFOPLIST_KEY_UILaunchScreen_Generation = YES;
				INFOPLIST_KEY_UISupportedInterfaceOrientations_iPad = "UIInterfaceOrientationPortrait UIInterfaceOrientationPortraitUpsideDown UIInterfaceOrientationLandscapeLeft UIInterfaceOrientationLandscapeRight";
				INFOPLIST_KEY_UISupportedInterfaceOrientations_iPhone = "UIInterfaceOrientationPortrait UIInterfaceOrientationLandscapeLeft UIInterfaceOrientationLandscapeRight";
				LD_RUNPATH_SEARCH_PATHS = (
					"$(inherited)",
					"@executable_path/Frameworks",
				);
				MARKETING_VERSION = 1.0;
				PRODUCT_BUNDLE_IDENTIFIER = com.acasia.MyCoinPoket;
				PRODUCT_NAME = "$(TARGET_NAME)";
				SWIFT_EMIT_LOC_STRINGS = YES;
				SWIFT_VERSION = 5.0;
				TARGETED_DEVICE_FAMILY = "1,2";
			};
			name = Release;
		};
/* End XCBuildConfiguration section */

/* Begin XCConfigurationList section */
		AAD0A0FA2C94666800910ABF /* Build configuration list for PBXProject "MyCoinPoket" */ = {
			isa = XCConfigurationList;
			buildConfigurations = (
				AAD0A10B2C94666A00910ABF /* Debug */,
				AAD0A10C2C94666A00910ABF /* Release */,
			);
			defaultConfigurationIsVisible = 0;
			defaultConfigurationName = Release;
		};
		AAD0A10D2C94666A00910ABF /* Build configuration list for PBXNativeTarget "MyCoinPoket" */ = {
			isa = XCConfigurationList;
			buildConfigurations = (
				AAD0A10E2C94666A00910ABF /* Debug */,
				AAD0A10F2C94666A00910ABF /* Release */,
			);
			defaultConfigurationIsVisible = 0;
			defaultConfigurationName = Release;
		};
/* End XCConfigurationList section */

/* Begin XCRemoteSwiftPackageReference section */
		AAD0A2EE2C99961C00910ABF /* XCRemoteSwiftPackageReference "SDWebImageSwiftUI" */ = {
			isa = XCRemoteSwiftPackageReference;
			repositoryURL = "https://github.com/SDWebImage/SDWebImageSwiftUI.git";
			requirement = {
				kind = upToNextMajorVersion;
				minimumVersion = 3.1.2;
			};
		};
		AAD0A2F12C99962A00910ABF /* XCRemoteSwiftPackageReference "Alamofire" */ = {
			isa = XCRemoteSwiftPackageReference;
			repositoryURL = "https://github.com/Alamofire/Alamofire.git";
			requirement = {
				kind = upToNextMajorVersion;
				minimumVersion = 5.9.1;
			};
		};
		AAD0A2F42C99963400910ABF /* XCRemoteSwiftPackageReference "SwiftSoup" */ = {
			isa = XCRemoteSwiftPackageReference;
			repositoryURL = "https://github.com/scinfu/SwiftSoup.git";
			requirement = {
				kind = upToNextMajorVersion;
				minimumVersion = 2.7.5;
			};
		};
/* End XCRemoteSwiftPackageReference section */

/* Begin XCSwiftPackageProductDependency section */
		AAD0A2EF2C99961C00910ABF /* SDWebImageSwiftUI */ = {
			isa = XCSwiftPackageProductDependency;
			package = AAD0A2EE2C99961C00910ABF /* XCRemoteSwiftPackageReference "SDWebImageSwiftUI" */;
			productName = SDWebImageSwiftUI;
		};
		AAD0A2F22C99962A00910ABF /* Alamofire */ = {
			isa = XCSwiftPackageProductDependency;
			package = AAD0A2F12C99962A00910ABF /* XCRemoteSwiftPackageReference "Alamofire" */;
			productName = Alamofire;
		};
		AAD0A2F52C99963400910ABF /* SwiftSoup */ = {
			isa = XCSwiftPackageProductDependency;
			package = AAD0A2F42C99963400910ABF /* XCRemoteSwiftPackageReference "SwiftSoup" */;
			productName = SwiftSoup;
		};
/* End XCSwiftPackageProductDependency section */
	};
	rootObject = AAD0A0F72C94666800910ABF /* Project object */;
}
